
Microsoft Visual Studio Solution File, Format Version 12.00
# Visual Studio Version 16
VisualStudioVersion = 16.0.30907.101
MinimumVisualStudioVersion = 10.0.40219.1
Project("{9A19103F-16F7-4668-BE54-9A1E7A4F7556}") = "Survey_Sender", "Survey_Sender\Survey_Sender.csproj", "{F3B31C6A-3206-486B-BA2E-3D70E70DBF4C}"
EndProject
Project("{9A19103F-16F7-4668-BE54-9A1E7A4F7556}") = "Survey_Question_Provider", "Survey_Question_Provider\Survey_Question_Provider.csproj", "{A5CF5BB1-5ECB-4661-9062-59CC86E75961}"
EndProject
Global
	GlobalSection(SolutionConfigurationPlatforms) = preSolution
		Debug|Any CPU = Debug|Any CPU
		Release|Any CPU = Release|Any CPU
	EndGlobalSection
	GlobalSection(ProjectConfigurationPlatforms) = postSolution
		{F3B31C6A-3206-486B-BA2E-3D70E70DBF4C}.Debug|Any CPU.ActiveCfg = Debug|Any CPU
		{F3B31C6A-3206-486B-BA2E-3D70E70DBF4C}.Debug|Any CPU.Build.0 = Debug|Any CPU
		{F3B31C6A-3206-486B-BA2E-3D70E70DBF4C}.Release|Any CPU.ActiveCfg = Release|Any CPU
		{F3B31C6A-3206-486B-BA2E-3D70E70DBF4C}.Release|Any CPU.Build.0 = Release|Any CPU
		{A5CF5BB1-5ECB-4661-9062-59CC86E75961}.Debug|Any CPU.ActiveCfg = Debug|Any CPU
		{A5CF5BB1-5ECB-4661-9062-59CC86E75961}.Debug|Any CPU.Build.0 = Debug|Any CPU
		{A5CF5BB1-5ECB-4661-9062-59CC86E75961}.Release|Any CPU.ActiveCfg = Release|Any CPU
		{A5CF5BB1-5ECB-4661-9062-59CC86E75961}.Release|Any CPU.Build.0 = Release|Any CPU
	EndGlobalSection
	GlobalSection(SolutionProperties) = preSolution
		HideSolutionNode = FALSE
	EndGlobalSection
	GlobalSection(ExtensibilityGlobals) = postSolution
		SolutionGuid = {687D216E-833B-4B96-9765-1E6D7D7BD563}
	EndGlobalSection
EndGlobal
